
Microsoft Visual Studio Solution File, Format Version 12.00
# Visual Studio Version 16
VisualStudioVersion = 16.0.29806.167
MinimumVisualStudioVersion = 10.0.40219.1
Project("{9A19103F-16F7-4668-BE54-9A1E7A4F7556}") = "autd3sharp", "autd3sharp.csproj", "{EF87763B-0EEB-4169-B370-4D37D3C386AF}"
EndProject
Global
	GlobalSection(SolutionConfigurationPlatforms) = preSolution
		Release|x64 = Release|x64
	EndGlobalSection
	GlobalSection(ProjectConfigurationPlatforms) = postSolution
		{EF87763B-0EEB-4169-B370-4D37D3C386AF}.Release|x64.ActiveCfg = Release|x64
		{EF87763B-0EEB-4169-B370-4D37D3C386AF}.Release|x64.Build.0 = Release|x64
	EndGlobalSection
	GlobalSection(SolutionProperties) = preSolution
		HideSolutionNode = FALSE
	EndGlobalSection
	GlobalSection(ExtensibilityGlobals) = postSolution
		SolutionGuid = {D7376F2E-74DB-40B7-B1E4-94D512DF7C86}
	EndGlobalSection
EndGlobal
